
Microsoft Visual Studio Solution File, Format Version 12.00
# Visual Studio 15
VisualStudioVersion = 15.0.27004.2009
MinimumVisualStudioVersion = 10.0.40219.1
Project("{FAE04EC0-301F-11D3-BF4B-00C04F79EFBC}") = "TCP_IP_Connection", "TCP_IP_Connection\TCP_IP_Connection.csproj", "{ED3A525B-D25F-4E14-810E-DAF4DA630B7A}"
EndProject
Global
	GlobalSection(SolutionConfigurationPlatforms) = preSolution
		Debug|Any CPU = Debug|Any CPU
		Release|Any CPU = Release|Any CPU
	EndGlobalSection
	GlobalSection(ProjectConfigurationPlatforms) = postSolution
		{ED3A525B-D25F-4E14-810E-DAF4DA630B7A}.Debug|Any CPU.ActiveCfg = Debug|Any CPU
		{ED3A525B-D25F-4E14-810E-DAF4DA630B7A}.Debug|Any CPU.Build.0 = Debug|Any CPU
		{ED3A525B-D25F-4E14-810E-DAF4DA630B7A}.Release|Any CPU.ActiveCfg = Release|Any CPU
		{ED3A525B-D25F-4E14-810E-DAF4DA630B7A}.Release|Any CPU.Build.0 = Release|Any CPU
	EndGlobalSection
	GlobalSection(SolutionProperties) = preSolution
		HideSolutionNode = FALSE
	EndGlobalSection
	GlobalSection(ExtensibilityGlobals) = postSolution
		SolutionGuid = {C5C9AA46-DDDB-45FB-BAA7-EB22ED8AD8F2}
	EndGlobalSection
EndGlobal
